
Microsoft Visual Studio Solution File, Format Version 12.00
# Visual Studio Version 17
VisualStudioVersion = 17.9.34616.47
MinimumVisualStudioVersion = 10.0.40219.1
Project("{9A19103F-16F7-4668-BE54-9A1E7A4F7556}") = "WorkoutPlanSite", "WorkoutPlanSite\WorkoutPlanSite.csproj", "{3C4B5FC7-C4D7-40BE-A607-EA1FE45638C1}"
EndProject
Project("{9A19103F-16F7-4668-BE54-9A1E7A4F7556}") = "WorkoutPlanSite.Data", "WorkoutPlanSite.Data\WorkoutPlanSite.Data.csproj", "{9844D324-B1E0-4481-A56D-CDF58AF9BE0A}"
EndProject
Project("{9A19103F-16F7-4668-BE54-9A1E7A4F7556}") = "WorkoutPlanSite.Services", "WorkoutPlanSite.Services\WorkoutPlanSite.Services.csproj", "{FB831AF8-FA25-458B-8E2C-F4B57554A0C6}"
EndProject
Project("{FAE04EC0-301F-11D3-BF4B-00C04F79EFBC}") = "WorkoutPlanSite.Tests", "WorkoutPlanSite.Tests\WorkoutPlanSite.Tests.csproj", "{8AA9E695-86F8-4FF9-B0FE-37BC9ED2F009}"
EndProject
Global
	GlobalSection(SolutionConfigurationPlatforms) = preSolution
		Debug|Any CPU = Debug|Any CPU
		Release|Any CPU = Release|Any CPU
	EndGlobalSection
	GlobalSection(ProjectConfigurationPlatforms) = postSolution
		{3C4B5FC7-C4D7-40BE-A607-EA1FE45638C1}.Debug|Any CPU.ActiveCfg = Debug|Any CPU
		{3C4B5FC7-C4D7-40BE-A607-EA1FE45638C1}.Debug|Any CPU.Build.0 = Debug|Any CPU
		{3C4B5FC7-C4D7-40BE-A607-EA1FE45638C1}.Release|Any CPU.ActiveCfg = Release|Any CPU
		{3C4B5FC7-C4D7-40BE-A607-EA1FE45638C1}.Release|Any CPU.Build.0 = Release|Any CPU
		{9844D324-B1E0-4481-A56D-CDF58AF9BE0A}.Debug|Any CPU.ActiveCfg = Debug|Any CPU
		{9844D324-B1E0-4481-A56D-CDF58AF9BE0A}.Debug|Any CPU.Build.0 = Debug|Any CPU
		{9844D324-B1E0-4481-A56D-CDF58AF9BE0A}.Release|Any CPU.ActiveCfg = Release|Any CPU
		{9844D324-B1E0-4481-A56D-CDF58AF9BE0A}.Release|Any CPU.Build.0 = Release|Any CPU
		{FB831AF8-FA25-458B-8E2C-F4B57554A0C6}.Debug|Any CPU.ActiveCfg = Debug|Any CPU
		{FB831AF8-FA25-458B-8E2C-F4B57554A0C6}.Debug|Any CPU.Build.0 = Debug|Any CPU
		{FB831AF8-FA25-458B-8E2C-F4B57554A0C6}.Release|Any CPU.ActiveCfg = Release|Any CPU
		{FB831AF8-FA25-458B-8E2C-F4B57554A0C6}.Release|Any CPU.Build.0 = Release|Any CPU
		{8AA9E695-86F8-4FF9-B0FE-37BC9ED2F009}.Debug|Any CPU.ActiveCfg = Debug|Any CPU
		{8AA9E695-86F8-4FF9-B0FE-37BC9ED2F009}.Debug|Any CPU.Build.0 = Debug|Any CPU
		{8AA9E695-86F8-4FF9-B0FE-37BC9ED2F009}.Release|Any CPU.ActiveCfg = Release|Any CPU
		{8AA9E695-86F8-4FF9-B0FE-37BC9ED2F009}.Release|Any CPU.Build.0 = Release|Any CPU
	EndGlobalSection
	GlobalSection(SolutionProperties) = preSolution
		HideSolutionNode = FALSE
	EndGlobalSection
	GlobalSection(ExtensibilityGlobals) = postSolution
		SolutionGuid = {2B1DF5AE-5440-489E-8A80-25D83D66C745}
	EndGlobalSection
EndGlobal
