
Microsoft Visual Studio Solution File, Format Version 12.00
# Visual Studio Version 17
VisualStudioVersion = 17.9.34616.47
MinimumVisualStudioVersion = 10.0.40219.1
Project("{FAE04EC0-301F-11D3-BF4B-00C04F79EFBC}") = "WorkoutPlanSite", "WorkoutPlanSite\WorkoutPlanSite.csproj", "{3C4B5FC7-C4D7-40BE-A607-EA1FE45638C1}"
EndProject
Global
	GlobalSection(SolutionConfigurationPlatforms) = preSolution
		Debug|Any CPU = Debug|Any CPU
		Release|Any CPU = Release|Any CPU
	EndGlobalSection
	GlobalSection(ProjectConfigurationPlatforms) = postSolution
		{3C4B5FC7-C4D7-40BE-A607-EA1FE45638C1}.Debug|Any CPU.ActiveCfg = Debug|Any CPU
		{3C4B5FC7-C4D7-40BE-A607-EA1FE45638C1}.Debug|Any CPU.Build.0 = Debug|Any CPU
		{3C4B5FC7-C4D7-40BE-A607-EA1FE45638C1}.Release|Any CPU.ActiveCfg = Release|Any CPU
		{3C4B5FC7-C4D7-40BE-A607-EA1FE45638C1}.Release|Any CPU.Build.0 = Release|Any CPU
	EndGlobalSection
	GlobalSection(SolutionProperties) = preSolution
		HideSolutionNode = FALSE
	EndGlobalSection
	GlobalSection(ExtensibilityGlobals) = postSolution
		SolutionGuid = {2B1DF5AE-5440-489E-8A80-25D83D66C745}
	EndGlobalSection
EndGlobal
